{
  "name": "genshin-db-api",
  "version": "0.0.0",
  "lockfileVersion": 2,
  "requires": true,
  "packages": {
    "": {
      "version": "0.0.0",
      "dependencies": {
        "genshin-db": "^3.11.1"
      }
    },
    "node_modules/fuzzysort": {
      "version": "1.1.4",
      "resolved": "https://registry.npmjs.org/fuzzysort/-/fuzzysort-1.1.4.tgz",
      "integrity": "sha512-JzK/lHjVZ6joAg3OnCjylwYXYVjRiwTY6Yb25LvfpJHK8bjisfnZJ5bY8aVWwTwCXgxPNgLAtmHL+Hs5q1ddLQ=="
    },
    "node_modules/genshin-db": {
      "version": "3.11.1",
      "resolved": "https://registry.npmjs.org/genshin-db/-/genshin-db-3.11.1.tgz",
      "integrity": "sha512-RIpj5HJ+DdzrH9AC9p/iD6kdn3EMma2QRaYJC+n+BciOPXWJmZJuRXN6/36pNIcuLfrG59LV05+n2CXsyHG5uw==",
      "dependencies": {
        "fuzzysort": "^1.1.4"
      }
    }
  },
  "dependencies": {
    "fuzzysort": {
      "version": "1.1.4",
      "resolved": "https://registry.npmjs.org/fuzzysort/-/fuzzysort-1.1.4.tgz",
      "integrity": "sha512-JzK/lHjVZ6joAg3OnCjylwYXYVjRiwTY6Yb25LvfpJHK8bjisfnZJ5bY8aVWwTwCXgxPNgLAtmHL+Hs5q1ddLQ=="
    },
    "genshin-db": {
      "version": "3.11.1",
      "resolved": "https://registry.npmjs.org/genshin-db/-/genshin-db-3.11.1.tgz",
      "integrity": "sha512-RIpj5HJ+DdzrH9AC9p/iD6kdn3EMma2QRaYJC+n+BciOPXWJmZJuRXN6/36pNIcuLfrG59LV05+n2CXsyHG5uw==",
      "requires": {
        "fuzzysort": "^1.1.4"
      }
    }
  }
}
