{
  "name": "genshin-db-api",
  "version": "0.0.0",
  "lockfileVersion": 2,
  "requires": true,
  "packages": {
    "": {
      "version": "0.0.0",
      "dependencies": {
        "@genshin-db/tcg": "^4.3.11",
        "@logtail/node": "^0.4.4",
        "genshin-db": "^4.3.11"
      }
    },
    "node_modules/@genshin-db/tcg": {
      "version": "4.3.11",
      "resolved": "https://registry.npmjs.org/@genshin-db/tcg/-/tcg-4.3.11.tgz",
      "integrity": "sha512-m31m46/W6ccj18skSSdD400P1y0tLDnSprTAx/Y28oZdm2P+DnCS+0Vf2fYfrxrTQw81N8gQCMvgvgRwj/EXHg==",
      "dependencies": {
        "fuzzysort": "^1.1.4",
        "pako": "^2.0.4"
      }
    },
    "node_modules/@logtail/core": {
      "version": "0.4.4",
      "resolved": "https://registry.npmjs.org/@logtail/core/-/core-0.4.4.tgz",
      "integrity": "sha512-PV9vHJbIIARawL0g2lIUx6oW0PDOW14txNjGKPi4ekswuPDzF0JZ7P//73JCJ0LCt0BtBrvl5sNdchmK0IvwZA==",
      "dependencies": {
        "@logtail/tools": "^0.4.4",
        "@logtail/types": "^0.4.4"
      }
    },
    "node_modules/@logtail/node": {
      "version": "0.4.4",
      "resolved": "https://registry.npmjs.org/@logtail/node/-/node-0.4.4.tgz",
      "integrity": "sha512-2X/YRNUI0WAplLiCXidPD7qgLXvClM0FHWgITAhulAvav8KxZM/nDgfv53hypp6s3GrnwhEAkIlWo1O+m8L1wg==",
      "dependencies": {
        "@logtail/core": "^0.4.4",
        "@logtail/types": "^0.4.4",
        "@msgpack/msgpack": "^2.5.1",
        "@types/stack-trace": "^0.0.29",
        "cross-fetch": "^3.0.4",
        "minimatch": "^3.0.4",
        "stack-trace": "^0.0.10"
      }
    },
    "node_modules/@logtail/tools": {
      "version": "0.4.4",
      "resolved": "https://registry.npmjs.org/@logtail/tools/-/tools-0.4.4.tgz",
      "integrity": "sha512-Gq4+YJM9eL5/pjurz3KW1st/EKilceL2zO9I3USf7YInr4aSwiTK0igWgcdxY59EbOuDpFl3faTH1jKxniIZxQ==",
      "dependencies": {
        "@logtail/types": "^0.4.4"
      }
    },
    "node_modules/@logtail/types": {
      "version": "0.4.4",
      "resolved": "https://registry.npmjs.org/@logtail/types/-/types-0.4.4.tgz",
      "integrity": "sha512-DvByXoGdEg1b86DgEciRZKQyUegrZbFOySO98Vo//pY3D0O1KaS+8ePFEG3IpsH8OiKiuqK/WGZ7o8dg9B52rg==",
      "dependencies": {
        "js": "^0.1.0"
      }
    },
    "node_modules/@msgpack/msgpack": {
      "version": "2.7.1",
      "resolved": "https://registry.npmjs.org/@msgpack/msgpack/-/msgpack-2.7.1.tgz",
      "integrity": "sha512-ApwiSL2c9ObewdOE/sqt788P1C5lomBOHyO8nUBCr4ofErBCnYQ003NtJ8lS9OQZc11ximkbmgAZJjB8y6cCdA==",
      "engines": {
        "node": ">= 10"
      }
    },
    "node_modules/@types/stack-trace": {
      "version": "0.0.29",
      "resolved": "https://registry.npmjs.org/@types/stack-trace/-/stack-trace-0.0.29.tgz",
      "integrity": "sha512-TgfOX+mGY/NyNxJLIbDWrO9DjGoVSW9+aB8H2yy1fy32jsvxijhmyJI9fDFgvz3YP4lvJaq9DzdR/M1bOgVc9g=="
    },
    "node_modules/balanced-match": {
      "version": "1.0.2",
      "resolved": "https://registry.npmjs.org/balanced-match/-/balanced-match-1.0.2.tgz",
      "integrity": "sha512-3oSeUO0TMV67hN1AmbXsK4yaqU7tjiHlbxRDZOpH0KW9+CeX4bRAaX0Anxt0tx2MrpRpWwQaPwIlISEJhYU5Pw=="
    },
    "node_modules/brace-expansion": {
      "version": "1.1.11",
      "resolved": "https://registry.npmjs.org/brace-expansion/-/brace-expansion-1.1.11.tgz",
      "integrity": "sha512-iCuPHDFgrHX7H2vEI/5xpz07zSHB00TpugqhmYtVmMO6518mCuRMoOYFldEBl0g187ufozdaHgWKcYFb61qGiA==",
      "dependencies": {
        "balanced-match": "^1.0.0",
        "concat-map": "0.0.1"
      }
    },
    "node_modules/commander": {
      "version": "1.1.1",
      "resolved": "https://registry.npmjs.org/commander/-/commander-1.1.1.tgz",
      "integrity": "sha512-71Rod2AhcH3JhkBikVpNd0pA+fWsmAaVoti6OR38T76chA7vE3pSerS0Jor4wDw+tOueD2zLVvFOw5H0Rcj7rA==",
      "dependencies": {
        "keypress": "0.1.x"
      },
      "engines": {
        "node": ">= 0.6.x"
      }
    },
    "node_modules/concat-map": {
      "version": "0.0.1",
      "resolved": "https://registry.npmjs.org/concat-map/-/concat-map-0.0.1.tgz",
      "integrity": "sha1-2Klr13/Wjfd5OnMDajug1UBdR3s="
    },
    "node_modules/cross-fetch": {
      "version": "3.1.4",
      "resolved": "https://registry.npmjs.org/cross-fetch/-/cross-fetch-3.1.4.tgz",
      "integrity": "sha512-1eAtFWdIubi6T4XPy6ei9iUFoKpUkIF971QLN8lIvvvwueI65+Nw5haMNKUwfJxabqlIIDODJKGrQ66gxC0PbQ==",
      "dependencies": {
        "node-fetch": "2.6.1"
      }
    },
    "node_modules/fuzzysort": {
      "version": "1.1.4",
      "resolved": "https://registry.npmjs.org/fuzzysort/-/fuzzysort-1.1.4.tgz",
      "integrity": "sha512-JzK/lHjVZ6joAg3OnCjylwYXYVjRiwTY6Yb25LvfpJHK8bjisfnZJ5bY8aVWwTwCXgxPNgLAtmHL+Hs5q1ddLQ=="
    },
    "node_modules/genshin-db": {
      "version": "4.3.11",
      "resolved": "https://registry.npmjs.org/genshin-db/-/genshin-db-4.3.11.tgz",
      "integrity": "sha512-OKqEQUTI6i8HT2JjnlfzWiTg5/XFg518UBY5EMf3c9Gj2Qb+UpNNw4HdxbOKMHWkFjUk+2bbhqvEMATtZceYog==",
      "dependencies": {
        "fuzzysort": "^1.1.4",
        "pako": "^2.0.4"
      }
    },
    "node_modules/js": {
      "version": "0.1.0",
      "resolved": "https://registry.npmjs.org/js/-/js-0.1.0.tgz",
      "integrity": "sha512-ZBbGYOpact8QAH9RprFWL4RAESYwbDodxiuDjOnzwzzk9pBzKycoifGuUrHHcDixE/eLMKPHRaXenTgu1qXBqA==",
      "dependencies": {
        "commander": "~1.1.1"
      },
      "bin": {
        "js": "bin/js"
      }
    },
    "node_modules/keypress": {
      "version": "0.1.0",
      "resolved": "https://registry.npmjs.org/keypress/-/keypress-0.1.0.tgz",
      "integrity": "sha512-x0yf9PL/nx9Nw9oLL8ZVErFAk85/lslwEP7Vz7s5SI1ODXZIgit3C5qyWjw4DxOuO/3Hb4866SQh28a1V1d+WA=="
    },
    "node_modules/minimatch": {
      "version": "3.0.4",
      "resolved": "https://registry.npmjs.org/minimatch/-/minimatch-3.0.4.tgz",
      "integrity": "sha512-yJHVQEhyqPLUTgt9B83PXu6W3rx4MvvHvSUvToogpwoGDOUQ+yDrR0HRot+yOCdCO7u4hX3pWft6kWBBcqh0UA==",
      "dependencies": {
        "brace-expansion": "^1.1.7"
      },
      "engines": {
        "node": "*"
      }
    },
    "node_modules/node-fetch": {
      "version": "2.6.1",
      "resolved": "https://registry.npmjs.org/node-fetch/-/node-fetch-2.6.1.tgz",
      "integrity": "sha512-V4aYg89jEoVRxRb2fJdAg8FHvI7cEyYdVAh94HH0UIK8oJxUfkjlDQN9RbMx+bEjP7+ggMiFRprSti032Oipxw==",
      "engines": {
        "node": "4.x || >=6.0.0"
      }
    },
    "node_modules/pako": {
      "version": "2.0.4",
      "resolved": "https://registry.npmjs.org/pako/-/pako-2.0.4.tgz",
      "integrity": "sha512-v8tweI900AUkZN6heMU/4Uy4cXRc2AYNRggVmTR+dEncawDJgCdLMximOVA2p4qO57WMynangsfGRb5WD6L1Bg=="
    },
    "node_modules/stack-trace": {
      "version": "0.0.10",
      "resolved": "https://registry.npmjs.org/stack-trace/-/stack-trace-0.0.10.tgz",
      "integrity": "sha1-VHxws0fo0ytOEI6hoqFZ5f3eGcA=",
      "engines": {
        "node": "*"
      }
    }
  },
  "dependencies": {
    "@genshin-db/tcg": {
      "version": "4.3.11",
      "resolved": "https://registry.npmjs.org/@genshin-db/tcg/-/tcg-4.3.11.tgz",
      "integrity": "sha512-m31m46/W6ccj18skSSdD400P1y0tLDnSprTAx/Y28oZdm2P+DnCS+0Vf2fYfrxrTQw81N8gQCMvgvgRwj/EXHg==",
      "requires": {
        "fuzzysort": "^1.1.4",
        "pako": "^2.0.4"
      }
    },
    "@logtail/core": {
      "version": "0.4.4",
      "resolved": "https://registry.npmjs.org/@logtail/core/-/core-0.4.4.tgz",
      "integrity": "sha512-PV9vHJbIIARawL0g2lIUx6oW0PDOW14txNjGKPi4ekswuPDzF0JZ7P//73JCJ0LCt0BtBrvl5sNdchmK0IvwZA==",
      "requires": {
        "@logtail/tools": "^0.4.4",
        "@logtail/types": "^0.4.4"
      }
    },
    "@logtail/node": {
      "version": "0.4.4",
      "resolved": "https://registry.npmjs.org/@logtail/node/-/node-0.4.4.tgz",
      "integrity": "sha512-2X/YRNUI0WAplLiCXidPD7qgLXvClM0FHWgITAhulAvav8KxZM/nDgfv53hypp6s3GrnwhEAkIlWo1O+m8L1wg==",
      "requires": {
        "@logtail/core": "^0.4.4",
        "@logtail/types": "^0.4.4",
        "@msgpack/msgpack": "^2.5.1",
        "@types/stack-trace": "^0.0.29",
        "cross-fetch": "^3.0.4",
        "minimatch": "^3.0.4",
        "stack-trace": "^0.0.10"
      }
    },
    "@logtail/tools": {
      "version": "0.4.4",
      "resolved": "https://registry.npmjs.org/@logtail/tools/-/tools-0.4.4.tgz",
      "integrity": "sha512-Gq4+YJM9eL5/pjurz3KW1st/EKilceL2zO9I3USf7YInr4aSwiTK0igWgcdxY59EbOuDpFl3faTH1jKxniIZxQ==",
      "requires": {
        "@logtail/types": "^0.4.4"
      }
    },
    "@logtail/types": {
      "version": "0.4.4",
      "resolved": "https://registry.npmjs.org/@logtail/types/-/types-0.4.4.tgz",
      "integrity": "sha512-DvByXoGdEg1b86DgEciRZKQyUegrZbFOySO98Vo//pY3D0O1KaS+8ePFEG3IpsH8OiKiuqK/WGZ7o8dg9B52rg==",
      "requires": {
        "js": "^0.1.0"
      }
    },
    "@msgpack/msgpack": {
      "version": "2.7.1",
      "resolved": "https://registry.npmjs.org/@msgpack/msgpack/-/msgpack-2.7.1.tgz",
      "integrity": "sha512-ApwiSL2c9ObewdOE/sqt788P1C5lomBOHyO8nUBCr4ofErBCnYQ003NtJ8lS9OQZc11ximkbmgAZJjB8y6cCdA=="
    },
    "@types/stack-trace": {
      "version": "0.0.29",
      "resolved": "https://registry.npmjs.org/@types/stack-trace/-/stack-trace-0.0.29.tgz",
      "integrity": "sha512-TgfOX+mGY/NyNxJLIbDWrO9DjGoVSW9+aB8H2yy1fy32jsvxijhmyJI9fDFgvz3YP4lvJaq9DzdR/M1bOgVc9g=="
    },
    "balanced-match": {
      "version": "1.0.2",
      "resolved": "https://registry.npmjs.org/balanced-match/-/balanced-match-1.0.2.tgz",
      "integrity": "sha512-3oSeUO0TMV67hN1AmbXsK4yaqU7tjiHlbxRDZOpH0KW9+CeX4bRAaX0Anxt0tx2MrpRpWwQaPwIlISEJhYU5Pw=="
    },
    "brace-expansion": {
      "version": "1.1.11",
      "resolved": "https://registry.npmjs.org/brace-expansion/-/brace-expansion-1.1.11.tgz",
      "integrity": "sha512-iCuPHDFgrHX7H2vEI/5xpz07zSHB00TpugqhmYtVmMO6518mCuRMoOYFldEBl0g187ufozdaHgWKcYFb61qGiA==",
      "requires": {
        "balanced-match": "^1.0.0",
        "concat-map": "0.0.1"
      }
    },
    "commander": {
      "version": "1.1.1",
      "resolved": "https://registry.npmjs.org/commander/-/commander-1.1.1.tgz",
      "integrity": "sha512-71Rod2AhcH3JhkBikVpNd0pA+fWsmAaVoti6OR38T76chA7vE3pSerS0Jor4wDw+tOueD2zLVvFOw5H0Rcj7rA==",
      "requires": {
        "keypress": "0.1.x"
      }
    },
    "concat-map": {
      "version": "0.0.1",
      "resolved": "https://registry.npmjs.org/concat-map/-/concat-map-0.0.1.tgz",
      "integrity": "sha1-2Klr13/Wjfd5OnMDajug1UBdR3s="
    },
    "cross-fetch": {
      "version": "3.1.4",
      "resolved": "https://registry.npmjs.org/cross-fetch/-/cross-fetch-3.1.4.tgz",
      "integrity": "sha512-1eAtFWdIubi6T4XPy6ei9iUFoKpUkIF971QLN8lIvvvwueI65+Nw5haMNKUwfJxabqlIIDODJKGrQ66gxC0PbQ==",
      "requires": {
        "node-fetch": "2.6.1"
      }
    },
    "fuzzysort": {
      "version": "1.1.4",
      "resolved": "https://registry.npmjs.org/fuzzysort/-/fuzzysort-1.1.4.tgz",
      "integrity": "sha512-JzK/lHjVZ6joAg3OnCjylwYXYVjRiwTY6Yb25LvfpJHK8bjisfnZJ5bY8aVWwTwCXgxPNgLAtmHL+Hs5q1ddLQ=="
    },
    "genshin-db": {
      "version": "4.3.11",
      "resolved": "https://registry.npmjs.org/genshin-db/-/genshin-db-4.3.11.tgz",
      "integrity": "sha512-OKqEQUTI6i8HT2JjnlfzWiTg5/XFg518UBY5EMf3c9Gj2Qb+UpNNw4HdxbOKMHWkFjUk+2bbhqvEMATtZceYog==",
      "requires": {
        "fuzzysort": "^1.1.4",
        "pako": "^2.0.4"
      }
    },
    "js": {
      "version": "0.1.0",
      "resolved": "https://registry.npmjs.org/js/-/js-0.1.0.tgz",
      "integrity": "sha512-ZBbGYOpact8QAH9RprFWL4RAESYwbDodxiuDjOnzwzzk9pBzKycoifGuUrHHcDixE/eLMKPHRaXenTgu1qXBqA==",
      "requires": {
        "commander": "~1.1.1"
      }
    },
    "keypress": {
      "version": "0.1.0",
      "resolved": "https://registry.npmjs.org/keypress/-/keypress-0.1.0.tgz",
      "integrity": "sha512-x0yf9PL/nx9Nw9oLL8ZVErFAk85/lslwEP7Vz7s5SI1ODXZIgit3C5qyWjw4DxOuO/3Hb4866SQh28a1V1d+WA=="
    },
    "minimatch": {
      "version": "3.0.4",
      "resolved": "https://registry.npmjs.org/minimatch/-/minimatch-3.0.4.tgz",
      "integrity": "sha512-yJHVQEhyqPLUTgt9B83PXu6W3rx4MvvHvSUvToogpwoGDOUQ+yDrR0HRot+yOCdCO7u4hX3pWft6kWBBcqh0UA==",
      "requires": {
        "brace-expansion": "^1.1.7"
      }
    },
    "node-fetch": {
      "version": "2.6.1",
      "resolved": "https://registry.npmjs.org/node-fetch/-/node-fetch-2.6.1.tgz",
      "integrity": "sha512-V4aYg89jEoVRxRb2fJdAg8FHvI7cEyYdVAh94HH0UIK8oJxUfkjlDQN9RbMx+bEjP7+ggMiFRprSti032Oipxw=="
    },
    "pako": {
      "version": "2.0.4",
      "resolved": "https://registry.npmjs.org/pako/-/pako-2.0.4.tgz",
      "integrity": "sha512-v8tweI900AUkZN6heMU/4Uy4cXRc2AYNRggVmTR+dEncawDJgCdLMximOVA2p4qO57WMynangsfGRb5WD6L1Bg=="
    },
    "stack-trace": {
      "version": "0.0.10",
      "resolved": "https://registry.npmjs.org/stack-trace/-/stack-trace-0.0.10.tgz",
      "integrity": "sha1-VHxws0fo0ytOEI6hoqFZ5f3eGcA="
    }
  }
}
